
Microsoft Visual Studio Solution File, Format Version 12.00
# Visual Studio Version 17
VisualStudioVersion = 17.0.31903.59
MinimumVisualStudioVersion = 10.0.40219.1
Project("{FAE04EC0-301F-11D3-BF4B-00C04F79EFBC}") = "RightSize", "RightSize\RightSize.csproj", "{21DC0A06-8B40-4C11-8C1E-207E15B78CDA}"
EndProject
Project("{FAE04EC0-301F-11D3-BF4B-00C04F79EFBC}") = "ChangeString", "ChangeString\ChangeString.csproj", "{2A2DD031-6B35-4A01-A058-A80624FC74F7}"
EndProject
Project("{FAE04EC0-301F-11D3-BF4B-00C04F79EFBC}") = "ArrayMult", "ArrayMult\ArrayMult.csproj", "{4F33A7B6-8B76-441D-A3AF-B3CF418835A0}"
EndProject
Project("{FAE04EC0-301F-11D3-BF4B-00C04F79EFBC}") = "HeroPerks", "HeroPerks\HeroPerks.csproj", "{D13F2E60-3795-488D-9F29-0EF87E0858EF}"
EndProject
Project("{FAE04EC0-301F-11D3-BF4B-00C04F79EFBC}") = "PowToUntil", "PowToUntil\PowToUntil.csproj", "{238634D0-9091-41A7-A7C8-1761061FCC07}"
EndProject
Project("{FAE04EC0-301F-11D3-BF4B-00C04F79EFBC}") = "FamousQuotes", "FamousQuotes\FamousQuotes.csproj", "{C2607D59-C7B5-4AC3-8E1B-11702A3B3DAE}"
EndProject
Global
	GlobalSection(SolutionConfigurationPlatforms) = preSolution
		Debug|Any CPU = Debug|Any CPU
		Release|Any CPU = Release|Any CPU
	EndGlobalSection
	GlobalSection(SolutionProperties) = preSolution
		HideSolutionNode = FALSE
	EndGlobalSection
	GlobalSection(ProjectConfigurationPlatforms) = postSolution
		{21DC0A06-8B40-4C11-8C1E-207E15B78CDA}.Debug|Any CPU.ActiveCfg = Debug|Any CPU
		{21DC0A06-8B40-4C11-8C1E-207E15B78CDA}.Debug|Any CPU.Build.0 = Debug|Any CPU
		{21DC0A06-8B40-4C11-8C1E-207E15B78CDA}.Release|Any CPU.ActiveCfg = Release|Any CPU
		{21DC0A06-8B40-4C11-8C1E-207E15B78CDA}.Release|Any CPU.Build.0 = Release|Any CPU
		{2A2DD031-6B35-4A01-A058-A80624FC74F7}.Debug|Any CPU.ActiveCfg = Debug|Any CPU
		{2A2DD031-6B35-4A01-A058-A80624FC74F7}.Debug|Any CPU.Build.0 = Debug|Any CPU
		{2A2DD031-6B35-4A01-A058-A80624FC74F7}.Release|Any CPU.ActiveCfg = Release|Any CPU
		{2A2DD031-6B35-4A01-A058-A80624FC74F7}.Release|Any CPU.Build.0 = Release|Any CPU
		{4F33A7B6-8B76-441D-A3AF-B3CF418835A0}.Debug|Any CPU.ActiveCfg = Debug|Any CPU
		{4F33A7B6-8B76-441D-A3AF-B3CF418835A0}.Debug|Any CPU.Build.0 = Debug|Any CPU
		{4F33A7B6-8B76-441D-A3AF-B3CF418835A0}.Release|Any CPU.ActiveCfg = Release|Any CPU
		{4F33A7B6-8B76-441D-A3AF-B3CF418835A0}.Release|Any CPU.Build.0 = Release|Any CPU
		{D13F2E60-3795-488D-9F29-0EF87E0858EF}.Debug|Any CPU.ActiveCfg = Debug|Any CPU
		{D13F2E60-3795-488D-9F29-0EF87E0858EF}.Debug|Any CPU.Build.0 = Debug|Any CPU
		{D13F2E60-3795-488D-9F29-0EF87E0858EF}.Release|Any CPU.ActiveCfg = Release|Any CPU
		{D13F2E60-3795-488D-9F29-0EF87E0858EF}.Release|Any CPU.Build.0 = Release|Any CPU
		{238634D0-9091-41A7-A7C8-1761061FCC07}.Debug|Any CPU.ActiveCfg = Debug|Any CPU
		{238634D0-9091-41A7-A7C8-1761061FCC07}.Debug|Any CPU.Build.0 = Debug|Any CPU
		{238634D0-9091-41A7-A7C8-1761061FCC07}.Release|Any CPU.ActiveCfg = Release|Any CPU
		{238634D0-9091-41A7-A7C8-1761061FCC07}.Release|Any CPU.Build.0 = Release|Any CPU
		{C2607D59-C7B5-4AC3-8E1B-11702A3B3DAE}.Debug|Any CPU.ActiveCfg = Debug|Any CPU
		{C2607D59-C7B5-4AC3-8E1B-11702A3B3DAE}.Debug|Any CPU.Build.0 = Debug|Any CPU
		{C2607D59-C7B5-4AC3-8E1B-11702A3B3DAE}.Release|Any CPU.ActiveCfg = Release|Any CPU
		{C2607D59-C7B5-4AC3-8E1B-11702A3B3DAE}.Release|Any CPU.Build.0 = Release|Any CPU
	EndGlobalSection
EndGlobal
